
Microsoft Visual Studio Solution File, Format Version 12.00
# Visual Studio 15
VisualStudioVersion = 15.0.28010.2041
MinimumVisualStudioVersion = 10.0.40219.1
Project("{FAE04EC0-301F-11D3-BF4B-00C04F79EFBC}") = "RemoteControl", "RemoteControl\RemoteControl.csproj", "{A6744666-BBBF-4796-A842-789A98C45083}"
EndProject
Project("{FAE04EC0-301F-11D3-BF4B-00C04F79EFBC}") = "Example", "Example\Example.csproj", "{A0B1B6F6-7CDA-46E3-93DE-10AC8D11E538}"
EndProject
Global
	GlobalSection(SolutionConfigurationPlatforms) = preSolution
		Debug|x64 = Debug|x64
		Debug|x86 = Debug|x86
		Release|x64 = Release|x64
		Release|x86 = Release|x86
	EndGlobalSection
	GlobalSection(ProjectConfigurationPlatforms) = postSolution
		{A6744666-BBBF-4796-A842-789A98C45083}.Debug|x64.ActiveCfg = Debug|x64
		{A6744666-BBBF-4796-A842-789A98C45083}.Debug|x64.Build.0 = Debug|x64
		{A6744666-BBBF-4796-A842-789A98C45083}.Debug|x86.ActiveCfg = Debug|x86
		{A6744666-BBBF-4796-A842-789A98C45083}.Debug|x86.Build.0 = Debug|x86
		{A6744666-BBBF-4796-A842-789A98C45083}.Release|x64.ActiveCfg = Release|x64
		{A6744666-BBBF-4796-A842-789A98C45083}.Release|x64.Build.0 = Release|x64
		{A6744666-BBBF-4796-A842-789A98C45083}.Release|x86.ActiveCfg = Release|x86
		{A6744666-BBBF-4796-A842-789A98C45083}.Release|x86.Build.0 = Release|x86
		{A0B1B6F6-7CDA-46E3-93DE-10AC8D11E538}.Debug|x64.ActiveCfg = Debug|x64
		{A0B1B6F6-7CDA-46E3-93DE-10AC8D11E538}.Debug|x64.Build.0 = Debug|x64
		{A0B1B6F6-7CDA-46E3-93DE-10AC8D11E538}.Debug|x86.ActiveCfg = Debug|x86
		{A0B1B6F6-7CDA-46E3-93DE-10AC8D11E538}.Debug|x86.Build.0 = Debug|x86
		{A0B1B6F6-7CDA-46E3-93DE-10AC8D11E538}.Release|x64.ActiveCfg = Release|x64
		{A0B1B6F6-7CDA-46E3-93DE-10AC8D11E538}.Release|x64.Build.0 = Release|x64
		{A0B1B6F6-7CDA-46E3-93DE-10AC8D11E538}.Release|x86.ActiveCfg = Release|x86
		{A0B1B6F6-7CDA-46E3-93DE-10AC8D11E538}.Release|x86.Build.0 = Release|x86
	EndGlobalSection
	GlobalSection(SolutionProperties) = preSolution
		HideSolutionNode = FALSE
	EndGlobalSection
	GlobalSection(ExtensibilityGlobals) = postSolution
		SolutionGuid = {7B4164F1-F07F-40F2-8F11-1C2D7F395EF9}
	EndGlobalSection
EndGlobal
